// !$*UTF8*$!
{
	archiveVersion = 1;
	classes = {
	};
	objectVersion = 50;
	objects = {

/* Begin PBXBuildFile section */
		041E8F01B2B2E61045DD7556 /* InfoPlist.strings in Resources */ = {isa = PBXBuildFile; fileRef = B336DC029E2893178B4A53F9 /* InfoPlist.strings */; };
		08060336C943A24B566AA04D /* SharedViews.swift in Sources */ = {isa = PBXBuildFile; fileRef = EF0B4B96934C6705DC6B7148 /* SharedViews.swift */; };
		146480CDC10EB809327637AB /* Assets.xcassets in Resources */ = {isa = PBXBuildFile; fileRef = 7C4DAE15D3078AEB83EA1525 /* Assets.xcassets */; };
		1CA7746D8815BA8F741D96BF /* InfoPlist.strings in Resources */ = {isa = PBXBuildFile; fileRef = 455FE2815DB12B1B79B38918 /* InfoPlist.strings */; };
		45F0C28BFF6A5CC168056CF2 /* Extractor.swift in Sources */ = {isa = PBXBuildFile; fileRef = 2EEF1C02301D71DD6ACDD2DD /* Extractor.swift */; };
		55D9C4D3FED1026753F64F77 /* AppModel.swift in Sources */ = {isa = PBXBuildFile; fileRef = E3319092B75450861C73F63C /* AppModel.swift */; };
		6646D91244A52AD575EC5346 /* BrowserView.swift in Sources */ = {isa = PBXBuildFile; fileRef = DE051533D825233ECAD84E20 /* BrowserView.swift */; };
		7365E6185D92A489E4FABBC5 /* RootView.swift in Sources */ = {isa = PBXBuildFile; fileRef = 22E8DC3812E58864BFB21C7B /* RootView.swift */; };
		73EEC3982CDB276B69DF9124 /* Localizable.xcstrings in Resources */ = {isa = PBXBuildFile; fileRef = 9A92A31AFC6C406BE20160D5 /* Localizable.xcstrings */; };
		77F7CDCECF984EF5FD0E465C /* Persistence.swift in Sources */ = {isa = PBXBuildFile; fileRef = C32E8A500F54F9188A2901F1 /* Persistence.swift */; };
		7D3877D7D466499DF3288D86 /* Records.swift in Sources */ = {isa = PBXBuildFile; fileRef = 5C319D29365D85F00FAE84B8 /* Records.swift */; };
		7FEC0816DECE5D23D5B032CF /* DownloadsView.swift in Sources */ = {isa = PBXBuildFile; fileRef = 8B936CB73701BC4F1C6D00AF /* DownloadsView.swift */; };
		832040417D8003219C16A905 /* IpaDownloadToolUITests.swift in Sources */ = {isa = PBXBuildFile; fileRef = 48081363E2491F25E346E5EC /* IpaDownloadToolUITests.swift */; };
		92E01698EC402549D6546015 /* HistoryView.swift in Sources */ = {isa = PBXBuildFile; fileRef = DA638D93AA80EAA3A461681D /* HistoryView.swift */; };
		A288ED96E8B4A8F45BCC9B06 /* IpaDownloadToolApp.swift in Sources */ = {isa = PBXBuildFile; fileRef = 50C8D49909BA43D6CDFA6F5A /* IpaDownloadToolApp.swift */; };
		AD55A1963431C5192A34D173 /* LaunchScreen.storyboard in Resources */ = {isa = PBXBuildFile; fileRef = E9D9A56316159E60E41C4F91 /* LaunchScreen.storyboard */; };
		BB316AD624F52147B19ADB36 /* IpaDownloadToolTests.swift in Sources */ = {isa = PBXBuildFile; fileRef = 3F4E91235DEB6D790B9438A2 /* IpaDownloadToolTests.swift */; };
		DD1F26A95F88DB9598B15E1C /* SettingsView.swift in Sources */ = {isa = PBXBuildFile; fileRef = F11463DC2ED58B51C6A12B67 /* SettingsView.swift */; };
		DE5720AA81415113B9DECA77 /* L10n.swift in Sources */ = {isa = PBXBuildFile; fileRef = 9D4FB514852CDF7563608A7C /* L10n.swift */; };
/* End PBXBuildFile section */

/* Begin PBXContainerItemProxy section */
		741B92AE2275943700F24EED /* PBXContainerItemProxy */ = {
			isa = PBXContainerItemProxy;
			containerPortal = 741B928D2275943100F24EED /* Project object */;
			proxyType = 1;
			remoteGlobalIDString = 741B92942275943100F24EED;
			remoteInfo = IpaDownloadTool;
		};
		741B92B92275943700F24EED /* PBXContainerItemProxy */ = {
			isa = PBXContainerItemProxy;
			containerPortal = 741B928D2275943100F24EED /* Project object */;
			proxyType = 1;
			remoteGlobalIDString = 741B92942275943100F24EED;
			remoteInfo = IpaDownloadTool;
		};
/* End PBXContainerItemProxy section */

/* Begin PBXFileReference section */
		22E8DC3812E58864BFB21C7B /* RootView.swift */ = {isa = PBXFileReference; includeInIndex = 1; lastKnownFileType = sourcecode.swift; path = RootView.swift; sourceTree = "<group>"; };
		2EEF1C02301D71DD6ACDD2DD /* Extractor.swift */ = {isa = PBXFileReference; includeInIndex = 1; lastKnownFileType = sourcecode.swift; path = Extractor.swift; sourceTree = "<group>"; };
		3F4E91235DEB6D790B9438A2 /* IpaDownloadToolTests.swift */ = {isa = PBXFileReference; includeInIndex = 1; lastKnownFileType = sourcecode.swift; path = IpaDownloadToolTests.swift; sourceTree = "<group>"; };
		455FE2815DB12B1B79B38918 /* InfoPlist.strings */ = {isa = PBXFileReference; includeInIndex = 1; lastKnownFileType = text.plist.strings; path = InfoPlist.strings; sourceTree = "<group>"; };
		48081363E2491F25E346E5EC /* IpaDownloadToolUITests.swift */ = {isa = PBXFileReference; includeInIndex = 1; lastKnownFileType = sourcecode.swift; path = IpaDownloadToolUITests.swift; sourceTree = "<group>"; };
		50C8D49909BA43D6CDFA6F5A /* IpaDownloadToolApp.swift */ = {isa = PBXFileReference; includeInIndex = 1; lastKnownFileType = sourcecode.swift; path = IpaDownloadToolApp.swift; sourceTree = "<group>"; };
		5C319D29365D85F00FAE84B8 /* Records.swift */ = {isa = PBXFileReference; includeInIndex = 1; lastKnownFileType = sourcecode.swift; path = Records.swift; sourceTree = "<group>"; };
		741B92952275943100F24EED /* IpaDownloadTool.app */ = {isa = PBXFileReference; explicitFileType = wrapper.application; includeInIndex = 0; path = IpaDownloadTool.app; sourceTree = BUILT_PRODUCTS_DIR; };
		741B92AD2275943700F24EED /* IpaDownloadToolTests.xctest */ = {isa = PBXFileReference; explicitFileType = wrapper.cfbundle; includeInIndex = 0; path = IpaDownloadToolTests.xctest; sourceTree = BUILT_PRODUCTS_DIR; };
		741B92B82275943700F24EED /* IpaDownloadToolUITests.xctest */ = {isa = PBXFileReference; explicitFileType = wrapper.cfbundle; includeInIndex = 0; path = IpaDownloadToolUITests.xctest; sourceTree = BUILT_PRODUCTS_DIR; };
		7C4DAE15D3078AEB83EA1525 /* Assets.xcassets */ = {isa = PBXFileReference; includeInIndex = 1; lastKnownFileType = folder.assetcatalog; path = Assets.xcassets; sourceTree = "<group>"; };
		8B936CB73701BC4F1C6D00AF /* DownloadsView.swift */ = {isa = PBXFileReference; includeInIndex = 1; lastKnownFileType = sourcecode.swift; path = DownloadsView.swift; sourceTree = "<group>"; };
		9A92A31AFC6C406BE20160D5 /* Localizable.xcstrings */ = {isa = PBXFileReference; includeInIndex = 1; path = Localizable.xcstrings; sourceTree = "<group>"; };
		9D4FB514852CDF7563608A7C /* L10n.swift */ = {isa = PBXFileReference; includeInIndex = 1; lastKnownFileType = sourcecode.swift; path = L10n.swift; sourceTree = "<group>"; };
		B336DC029E2893178B4A53F9 /* InfoPlist.strings */ = {isa = PBXFileReference; includeInIndex = 1; lastKnownFileType = text.plist.strings; path = InfoPlist.strings; sourceTree = "<group>"; };
		C32E8A500F54F9188A2901F1 /* Persistence.swift */ = {isa = PBXFileReference; includeInIndex = 1; lastKnownFileType = sourcecode.swift; path = Persistence.swift; sourceTree = "<group>"; };
		D84FEE962221EC88BBBEF68D /* Info.plist */ = {isa = PBXFileReference; includeInIndex = 1; lastKnownFileType = text.plist.xml; path = Info.plist; sourceTree = "<group>"; };
		DA638D93AA80EAA3A461681D /* HistoryView.swift */ = {isa = PBXFileReference; includeInIndex = 1; lastKnownFileType = sourcecode.swift; path = HistoryView.swift; sourceTree = "<group>"; };
		DE051533D825233ECAD84E20 /* BrowserView.swift */ = {isa = PBXFileReference; includeInIndex = 1; lastKnownFileType = sourcecode.swift; path = BrowserView.swift; sourceTree = "<group>"; };
		E3319092B75450861C73F63C /* AppModel.swift */ = {isa = PBXFileReference; includeInIndex = 1; lastKnownFileType = sourcecode.swift; path = AppModel.swift; sourceTree = "<group>"; };
		E9D9A56316159E60E41C4F91 /* LaunchScreen.storyboard */ = {isa = PBXFileReference; includeInIndex = 1; lastKnownFileType = file.storyboard; path = LaunchScreen.storyboard; sourceTree = "<group>"; };
		EF0B4B96934C6705DC6B7148 /* SharedViews.swift */ = {isa = PBXFileReference; includeInIndex = 1; lastKnownFileType = sourcecode.swift; path = SharedViews.swift; sourceTree = "<group>"; };
		F11463DC2ED58B51C6A12B67 /* SettingsView.swift */ = {isa = PBXFileReference; includeInIndex = 1; lastKnownFileType = sourcecode.swift; path = SettingsView.swift; sourceTree = "<group>"; };
/* End PBXFileReference section */

/* Begin PBXFrameworksBuildPhase section */
		741B92922275943100F24EED /* Frameworks */ = {
			isa = PBXFrameworksBuildPhase;
			buildActionMask = 2147483647;
			files = (
			);
			runOnlyForDeploymentPostprocessing = 0;
		};
		741B92AA2275943700F24EED /* Frameworks */ = {
			isa = PBXFrameworksBuildPhase;
			buildActionMask = 2147483647;
			files = (
			);
			runOnlyForDeploymentPostprocessing = 0;
		};
		741B92B52275943700F24EED /* Frameworks */ = {
			isa = PBXFrameworksBuildPhase;
			buildActionMask = 2147483647;
			files = (
			);
			runOnlyForDeploymentPostprocessing = 0;
		};
/* End PBXFrameworksBuildPhase section */

/* Begin PBXGroup section */
		07C5D78915DD556DD97E25D3 /* Resources */ = {
			isa = PBXGroup;
			children = (
				D84FEE962221EC88BBBEF68D /* Info.plist */,
				9A92A31AFC6C406BE20160D5 /* Localizable.xcstrings */,
				7C4DAE15D3078AEB83EA1525 /* Assets.xcassets */,
				AAB93AD060EE8D74133E4125 /* Base.lproj */,
				FA7C7ADE6B9E97909E394A08 /* en.lproj */,
				F6062FCE7778ECAC441DCC9F /* zh-Hans.lproj */,
			);
			name = Resources;
			path = Resources;
			sourceTree = "<group>";
		};
		0DE31E5C781D9F78C2BE5B65 /* Unit */ = {
			isa = PBXGroup;
			children = (
				3F4E91235DEB6D790B9438A2 /* IpaDownloadToolTests.swift */,
			);
			name = Unit;
			path = Unit;
			sourceTree = "<group>";
		};
		2C4A0E87C9C6A62F505B6396 /* Models */ = {
			isa = PBXGroup;
			children = (
				5C319D29365D85F00FAE84B8 /* Records.swift */,
			);
			name = Models;
			path = Models;
			sourceTree = "<group>";
		};
		306D3A1B52E17E1467AC70BE /* UI */ = {
			isa = PBXGroup;
			children = (
				48081363E2491F25E346E5EC /* IpaDownloadToolUITests.swift */,
			);
			name = UI;
			path = UI;
			sourceTree = "<group>";
		};
		4A9D02C0DC96BCF9A372735A /* Downloads */ = {
			isa = PBXGroup;
			children = (
				8B936CB73701BC4F1C6D00AF /* DownloadsView.swift */,
			);
			name = Downloads;
			path = Downloads;
			sourceTree = "<group>";
		};
		547B9CCA3798DBE1E721F2E4 /* Shared */ = {
			isa = PBXGroup;
			children = (
				734E28CFB7F88A973C75F24E /* Components */,
			);
			name = Shared;
			path = Shared;
			sourceTree = "<group>";
		};
		61E1CDDDC71DC288412917AC /* App */ = {
			isa = PBXGroup;
			children = (
				50C8D49909BA43D6CDFA6F5A /* IpaDownloadToolApp.swift */,
				E3319092B75450861C73F63C /* AppModel.swift */,
				22E8DC3812E58864BFB21C7B /* RootView.swift */,
			);
			name = App;
			path = App;
			sourceTree = "<group>";
		};
		698336CAFE405CC48A43B033 /* Services */ = {
			isa = PBXGroup;
			children = (
				C32E8A500F54F9188A2901F1 /* Persistence.swift */,
				2EEF1C02301D71DD6ACDD2DD /* Extractor.swift */,
			);
			name = Services;
			path = Services;
			sourceTree = "<group>";
		};
		734E28CFB7F88A973C75F24E /* Components */ = {
			isa = PBXGroup;
			children = (
				EF0B4B96934C6705DC6B7148 /* SharedViews.swift */,
			);
			name = Components;
			path = Components;
			sourceTree = "<group>";
		};
		741B928C2275943100F24EED = {
			isa = PBXGroup;
			children = (
				741B92972275943100F24EED /* IpaDownloadTool */,
				741B92962275943100F24EED /* Products */,
				7DCC69960330406C24E374C3 /* Tests */,
			);
			sourceTree = "<group>";
		};
		741B92962275943100F24EED /* Products */ = {
			isa = PBXGroup;
			children = (
				741B92952275943100F24EED /* IpaDownloadTool.app */,
				741B92AD2275943700F24EED /* IpaDownloadToolTests.xctest */,
				741B92B82275943700F24EED /* IpaDownloadToolUITests.xctest */,
			);
			name = Products;
			sourceTree = "<group>";
		};
		741B92972275943100F24EED /* IpaDownloadTool */ = {
			isa = PBXGroup;
			children = (
				756056C62CF9AC47A95FCF00 /* Sources */,
				07C5D78915DD556DD97E25D3 /* Resources */,
			);
			path = IpaDownloadTool;
			sourceTree = "<group>";
		};
		74A0C2A44A7D84392C9DA5CA /* History */ = {
			isa = PBXGroup;
			children = (
				DA638D93AA80EAA3A461681D /* HistoryView.swift */,
			);
			name = History;
			path = History;
			sourceTree = "<group>";
		};
		756056C62CF9AC47A95FCF00 /* Sources */ = {
			isa = PBXGroup;
			children = (
				61E1CDDDC71DC288412917AC /* App */,
				90153BDE077CF38778CFBB08 /* Core */,
				DB9B71C3BF02E976DF093B59 /* Features */,
				547B9CCA3798DBE1E721F2E4 /* Shared */,
			);
			name = Sources;
			path = Sources;
			sourceTree = "<group>";
		};
		7DCC69960330406C24E374C3 /* Tests */ = {
			isa = PBXGroup;
			children = (
				0DE31E5C781D9F78C2BE5B65 /* Unit */,
				306D3A1B52E17E1467AC70BE /* UI */,
			);
			name = Tests;
			path = Tests;
			sourceTree = "<group>";
		};
		90153BDE077CF38778CFBB08 /* Core */ = {
			isa = PBXGroup;
			children = (
				2C4A0E87C9C6A62F505B6396 /* Models */,
				698336CAFE405CC48A43B033 /* Services */,
				A9D66810340959709C151ECD /* Localization */,
			);
			name = Core;
			path = Core;
			sourceTree = "<group>";
		};
		A9D66810340959709C151ECD /* Localization */ = {
			isa = PBXGroup;
			children = (
				9D4FB514852CDF7563608A7C /* L10n.swift */,
			);
			name = Localization;
			path = Localization;
			sourceTree = "<group>";
		};
		AAB93AD060EE8D74133E4125 /* Base.lproj */ = {
			isa = PBXGroup;
			children = (
				E9D9A56316159E60E41C4F91 /* LaunchScreen.storyboard */,
			);
			name = Base.lproj;
			path = Base.lproj;
			sourceTree = "<group>";
		};
		D9562DDD29D09C0343BEDF72 /* Browser */ = {
			isa = PBXGroup;
			children = (
				DE051533D825233ECAD84E20 /* BrowserView.swift */,
			);
			name = Browser;
			path = Browser;
			sourceTree = "<group>";
		};
		DB9B71C3BF02E976DF093B59 /* Features */ = {
			isa = PBXGroup;
			children = (
				D9562DDD29D09C0343BEDF72 /* Browser */,
				74A0C2A44A7D84392C9DA5CA /* History */,
				4A9D02C0DC96BCF9A372735A /* Downloads */,
				F86D3906C4DCD80FB3EB930B /* Settings */,
			);
			name = Features;
			path = Features;
			sourceTree = "<group>";
		};
		F6062FCE7778ECAC441DCC9F /* zh-Hans.lproj */ = {
			isa = PBXGroup;
			children = (
				B336DC029E2893178B4A53F9 /* InfoPlist.strings */,
			);
			name = "zh-Hans.lproj";
			path = "zh-Hans.lproj";
			sourceTree = "<group>";
		};
		F86D3906C4DCD80FB3EB930B /* Settings */ = {
			isa = PBXGroup;
			children = (
				F11463DC2ED58B51C6A12B67 /* SettingsView.swift */,
			);
			name = Settings;
			path = Settings;
			sourceTree = "<group>";
		};
		FA7C7ADE6B9E97909E394A08 /* en.lproj */ = {
			isa = PBXGroup;
			children = (
				455FE2815DB12B1B79B38918 /* InfoPlist.strings */,
			);
			name = en.lproj;
			path = en.lproj;
			sourceTree = "<group>";
		};
/* End PBXGroup section */

/* Begin PBXNativeTarget section */
		741B92942275943100F24EED /* IpaDownloadTool */ = {
			isa = PBXNativeTarget;
			buildConfigurationList = 741B92C12275943700F24EED /* Build configuration list for PBXNativeTarget "IpaDownloadTool" */;
			buildPhases = (
				741B92912275943100F24EED /* Sources */,
				741B92922275943100F24EED /* Frameworks */,
				741B92932275943100F24EED /* Resources */,
			);
			buildRules = (
			);
			dependencies = (
			);
			name = IpaDownloadTool;
			productName = IpaDownloadTool;
			productReference = 741B92952275943100F24EED /* IpaDownloadTool.app */;
			productType = "com.apple.product-type.application";
		};
		741B92AC2275943700F24EED /* IpaDownloadToolTests */ = {
			isa = PBXNativeTarget;
			buildConfigurationList = 741B92C42275943700F24EED /* Build configuration list for PBXNativeTarget "IpaDownloadToolTests" */;
			buildPhases = (
				741B92A92275943700F24EED /* Sources */,
				741B92AA2275943700F24EED /* Frameworks */,
				741B92AB2275943700F24EED /* Resources */,
			);
			buildRules = (
			);
			dependencies = (
				741B92AF2275943700F24EED /* PBXTargetDependency */,
			);
			name = IpaDownloadToolTests;
			productName = IpaDownloadToolTests;
			productReference = 741B92AD2275943700F24EED /* IpaDownloadToolTests.xctest */;
			productType = "com.apple.product-type.bundle.unit-test";
		};
		741B92B72275943700F24EED /* IpaDownloadToolUITests */ = {
			isa = PBXNativeTarget;
			buildConfigurationList = 741B92C72275943700F24EED /* Build configuration list for PBXNativeTarget "IpaDownloadToolUITests" */;
			buildPhases = (
				741B92B42275943700F24EED /* Sources */,
				741B92B52275943700F24EED /* Frameworks */,
				741B92B62275943700F24EED /* Resources */,
			);
			buildRules = (
			);
			dependencies = (
				741B92BA2275943700F24EED /* PBXTargetDependency */,
			);
			name = IpaDownloadToolUITests;
			productName = IpaDownloadToolUITests;
			productReference = 741B92B82275943700F24EED /* IpaDownloadToolUITests.xctest */;
			productType = "com.apple.product-type.bundle.ui-testing";
		};
/* End PBXNativeTarget section */

/* Begin PBXProject section */
		741B928D2275943100F24EED /* Project object */ = {
			isa = PBXProject;
			attributes = {
				LastUpgradeCheck = 1020;
				ORGANIZATIONNAME = "李兆祥";
				TargetAttributes = {
					741B92942275943100F24EED = {
						CreatedOnToolsVersion = 10.2;
						SystemCapabilities = {
							com.apple.BackgroundModes = {
								enabled = 1;
							};
						};
					};
					741B92AC2275943700F24EED = {
						CreatedOnToolsVersion = 10.2;
						TestTargetID = 741B92942275943100F24EED;
					};
					741B92B72275943700F24EED = {
						CreatedOnToolsVersion = 10.2;
						TestTargetID = 741B92942275943100F24EED;
					};
				};
			};
			buildConfigurationList = 741B92902275943100F24EED /* Build configuration list for PBXProject "IpaDownloadTool" */;
			compatibilityVersion = "Xcode 9.3";
			developmentRegion = en;
			hasScannedForEncodings = 0;
			knownRegions = (
				en,
				"zh-Hans",
				Base,
			);
			mainGroup = 741B928C2275943100F24EED;
			productRefGroup = 741B92962275943100F24EED /* Products */;
			projectDirPath = "";
			projectRoot = "";
			targets = (
				741B92942275943100F24EED /* IpaDownloadTool */,
				741B92AC2275943700F24EED /* IpaDownloadToolTests */,
				741B92B72275943700F24EED /* IpaDownloadToolUITests */,
			);
		};
/* End PBXProject section */

/* Begin PBXResourcesBuildPhase section */
		741B92932275943100F24EED /* Resources */ = {
			isa = PBXResourcesBuildPhase;
			buildActionMask = 2147483647;
			files = (
				73EEC3982CDB276B69DF9124 /* Localizable.xcstrings in Resources */,
				146480CDC10EB809327637AB /* Assets.xcassets in Resources */,
				AD55A1963431C5192A34D173 /* LaunchScreen.storyboard in Resources */,
				1CA7746D8815BA8F741D96BF /* InfoPlist.strings in Resources */,
				041E8F01B2B2E61045DD7556 /* InfoPlist.strings in Resources */,
			);
			runOnlyForDeploymentPostprocessing = 0;
		};
		741B92AB2275943700F24EED /* Resources */ = {
			isa = PBXResourcesBuildPhase;
			buildActionMask = 2147483647;
			files = (
			);
			runOnlyForDeploymentPostprocessing = 0;
		};
		741B92B62275943700F24EED /* Resources */ = {
			isa = PBXResourcesBuildPhase;
			buildActionMask = 2147483647;
			files = (
			);
			runOnlyForDeploymentPostprocessing = 0;
		};
/* End PBXResourcesBuildPhase section */

/* Begin PBXSourcesBuildPhase section */
		741B92912275943100F24EED /* Sources */ = {
			isa = PBXSourcesBuildPhase;
			buildActionMask = 2147483647;
			files = (
				A288ED96E8B4A8F45BCC9B06 /* IpaDownloadToolApp.swift in Sources */,
				55D9C4D3FED1026753F64F77 /* AppModel.swift in Sources */,
				7365E6185D92A489E4FABBC5 /* RootView.swift in Sources */,
				7D3877D7D466499DF3288D86 /* Records.swift in Sources */,
				77F7CDCECF984EF5FD0E465C /* Persistence.swift in Sources */,
				45F0C28BFF6A5CC168056CF2 /* Extractor.swift in Sources */,
				DE5720AA81415113B9DECA77 /* L10n.swift in Sources */,
				6646D91244A52AD575EC5346 /* BrowserView.swift in Sources */,
				92E01698EC402549D6546015 /* HistoryView.swift in Sources */,
				7FEC0816DECE5D23D5B032CF /* DownloadsView.swift in Sources */,
				DD1F26A95F88DB9598B15E1C /* SettingsView.swift in Sources */,
				08060336C943A24B566AA04D /* SharedViews.swift in Sources */,
			);
			runOnlyForDeploymentPostprocessing = 0;
		};
		741B92A92275943700F24EED /* Sources */ = {
			isa = PBXSourcesBuildPhase;
			buildActionMask = 2147483647;
			files = (
				BB316AD624F52147B19ADB36 /* IpaDownloadToolTests.swift in Sources */,
			);
			runOnlyForDeploymentPostprocessing = 0;
		};
		741B92B42275943700F24EED /* Sources */ = {
			isa = PBXSourcesBuildPhase;
			buildActionMask = 2147483647;
			files = (
				832040417D8003219C16A905 /* IpaDownloadToolUITests.swift in Sources */,
			);
			runOnlyForDeploymentPostprocessing = 0;
		};
/* End PBXSourcesBuildPhase section */

/* Begin PBXTargetDependency section */
		741B92AF2275943700F24EED /* PBXTargetDependency */ = {
			isa = PBXTargetDependency;
			target = 741B92942275943100F24EED /* IpaDownloadTool */;
			targetProxy = 741B92AE2275943700F24EED /* PBXContainerItemProxy */;
		};
		741B92BA2275943700F24EED /* PBXTargetDependency */ = {
			isa = PBXTargetDependency;
			target = 741B92942275943100F24EED /* IpaDownloadTool */;
			targetProxy = 741B92B92275943700F24EED /* PBXContainerItemProxy */;
		};
/* End PBXTargetDependency section */

/* Begin XCBuildConfiguration section */
		741B92BF2275943700F24EED /* Debug */ = {
			isa = XCBuildConfiguration;
			buildSettings = {
				ALWAYS_SEARCH_USER_PATHS = NO;
				CLANG_ANALYZER_NONNULL = YES;
				CLANG_ANALYZER_NUMBER_OBJECT_CONVERSION = YES_AGGRESSIVE;
				CLANG_CXX_LANGUAGE_STANDARD = "gnu++14";
				CLANG_CXX_LIBRARY = "libc++";
				CLANG_ENABLE_MODULES = YES;
				CLANG_ENABLE_OBJC_ARC = YES;
				CLANG_ENABLE_OBJC_WEAK = YES;
				CLANG_WARN_BLOCK_CAPTURE_AUTORELEASING = YES;
				CLANG_WARN_BOOL_CONVERSION = YES;
				CLANG_WARN_COMMA = YES;
				CLANG_WARN_CONSTANT_CONVERSION = YES;
				CLANG_WARN_DEPRECATED_OBJC_IMPLEMENTATIONS = YES;
				CLANG_WARN_DIRECT_OBJC_ISA_USAGE = YES_ERROR;
				CLANG_WARN_DOCUMENTATION_COMMENTS = YES;
				CLANG_WARN_EMPTY_BODY = YES;
				CLANG_WARN_ENUM_CONVERSION = YES;
				CLANG_WARN_INFINITE_RECURSION = YES;
				CLANG_WARN_INT_CONVERSION = YES;
				CLANG_WARN_NON_LITERAL_NULL_CONVERSION = YES;
				CLANG_WARN_OBJC_IMPLICIT_RETAIN_SELF = YES;
				CLANG_WARN_OBJC_LITERAL_CONVERSION = YES;
				CLANG_WARN_OBJC_ROOT_CLASS = YES_ERROR;
				CLANG_WARN_RANGE_LOOP_ANALYSIS = YES;
				CLANG_WARN_STRICT_PROTOTYPES = YES;
				CLANG_WARN_SUSPICIOUS_MOVE = YES;
				CLANG_WARN_UNGUARDED_AVAILABILITY = YES_AGGRESSIVE;
				CLANG_WARN_UNREACHABLE_CODE = YES;
				CLANG_WARN__DUPLICATE_METHOD_MATCH = YES;
				CODE_SIGN_IDENTITY = "iPhone Developer";
				COPY_PHASE_STRIP = NO;
				DEBUG_INFORMATION_FORMAT = dwarf;
				ENABLE_STRICT_OBJC_MSGSEND = YES;
				ENABLE_TESTABILITY = YES;
				GCC_C_LANGUAGE_STANDARD = gnu11;
				GCC_DYNAMIC_NO_PIC = NO;
				GCC_NO_COMMON_BLOCKS = YES;
				GCC_OPTIMIZATION_LEVEL = 0;
				GCC_PREPROCESSOR_DEFINITIONS = (
					"DEBUG=1",
					"$(inherited)",
				);
				GCC_WARN_64_TO_32_BIT_CONVERSION = YES;
				GCC_WARN_ABOUT_RETURN_TYPE = YES_ERROR;
				GCC_WARN_UNDECLARED_SELECTOR = YES;
				GCC_WARN_UNINITIALIZED_AUTOS = YES_AGGRESSIVE;
				GCC_WARN_UNUSED_FUNCTION = YES;
				GCC_WARN_UNUSED_VARIABLE = YES;
				IPHONEOS_DEPLOYMENT_TARGET = 12.2;
				MTL_ENABLE_DEBUG_INFO = INCLUDE_SOURCE;
				MTL_FAST_MATH = YES;
				ONLY_ACTIVE_ARCH = YES;
				SDKROOT = iphoneos;
			};
			name = Debug;
		};
		741B92C02275943700F24EED /* Release */ = {
			isa = XCBuildConfiguration;
			buildSettings = {
				ALWAYS_SEARCH_USER_PATHS = NO;
				CLANG_ANALYZER_NONNULL = YES;
				CLANG_ANALYZER_NUMBER_OBJECT_CONVERSION = YES_AGGRESSIVE;
				CLANG_CXX_LANGUAGE_STANDARD = "gnu++14";
				CLANG_CXX_LIBRARY = "libc++";
				CLANG_ENABLE_MODULES = YES;
				CLANG_ENABLE_OBJC_ARC = YES;
				CLANG_ENABLE_OBJC_WEAK = YES;
				CLANG_WARN_BLOCK_CAPTURE_AUTORELEASING = YES;
				CLANG_WARN_BOOL_CONVERSION = YES;
				CLANG_WARN_COMMA = YES;
				CLANG_WARN_CONSTANT_CONVERSION = YES;
				CLANG_WARN_DEPRECATED_OBJC_IMPLEMENTATIONS = YES;
				CLANG_WARN_DIRECT_OBJC_ISA_USAGE = YES_ERROR;
				CLANG_WARN_DOCUMENTATION_COMMENTS = YES;
				CLANG_WARN_EMPTY_BODY = YES;
				CLANG_WARN_ENUM_CONVERSION = YES;
				CLANG_WARN_INFINITE_RECURSION = YES;
				CLANG_WARN_INT_CONVERSION = YES;
				CLANG_WARN_NON_LITERAL_NULL_CONVERSION = YES;
				CLANG_WARN_OBJC_IMPLICIT_RETAIN_SELF = YES;
				CLANG_WARN_OBJC_LITERAL_CONVERSION = YES;
				CLANG_WARN_OBJC_ROOT_CLASS = YES_ERROR;
				CLANG_WARN_RANGE_LOOP_ANALYSIS = YES;
				CLANG_WARN_STRICT_PROTOTYPES = YES;
				CLANG_WARN_SUSPICIOUS_MOVE = YES;
				CLANG_WARN_UNGUARDED_AVAILABILITY = YES_AGGRESSIVE;
				CLANG_WARN_UNREACHABLE_CODE = YES;
				CLANG_WARN__DUPLICATE_METHOD_MATCH = YES;
				CODE_SIGN_IDENTITY = "iPhone Developer";
				COPY_PHASE_STRIP = NO;
				DEBUG_INFORMATION_FORMAT = "dwarf-with-dsym";
				ENABLE_NS_ASSERTIONS = NO;
				ENABLE_STRICT_OBJC_MSGSEND = YES;
				GCC_C_LANGUAGE_STANDARD = gnu11;
				GCC_NO_COMMON_BLOCKS = YES;
				GCC_WARN_64_TO_32_BIT_CONVERSION = YES;
				GCC_WARN_ABOUT_RETURN_TYPE = YES_ERROR;
				GCC_WARN_UNDECLARED_SELECTOR = YES;
				GCC_WARN_UNINITIALIZED_AUTOS = YES_AGGRESSIVE;
				GCC_WARN_UNUSED_FUNCTION = YES;
				GCC_WARN_UNUSED_VARIABLE = YES;
				IPHONEOS_DEPLOYMENT_TARGET = 12.2;
				MTL_ENABLE_DEBUG_INFO = NO;
				MTL_FAST_MATH = YES;
				SDKROOT = iphoneos;
				VALIDATE_PRODUCT = YES;
			};
			name = Release;
		};
		741B92C22275943700F24EED /* Debug */ = {
			isa = XCBuildConfiguration;
			buildSettings = {
				ASSETCATALOG_COMPILER_APPICON_NAME = AppIcon;
				CLANG_ENABLE_MODULES = YES;
				CODE_SIGN_STYLE = Automatic;
				CURRENT_PROJECT_VERSION = 20240903;
				DEVELOPMENT_LANGUAGE = en;
				DEVELOPMENT_TEAM = X3UA5897T2;
				INFOPLIST_FILE = IpaDownloadTool/Resources/Info.plist;
				IPHONEOS_DEPLOYMENT_TARGET = 26.0;
				LD_RUNPATH_SEARCH_PATHS = (
					"$(inherited)",
					"@executable_path/Frameworks",
				);
				MARKETING_VERSION = 2.1.2;
				PRODUCT_BUNDLE_IDENTIFIER = cn.zxlee.IpaDownloadTool;
				PRODUCT_NAME = "$(TARGET_NAME)";
				SWIFT_VERSION = 5.0;
				TARGETED_DEVICE_FAMILY = "1,2";
			};
			name = Debug;
		};
		741B92C32275943700F24EED /* Release */ = {
			isa = XCBuildConfiguration;
			buildSettings = {
				ASSETCATALOG_COMPILER_APPICON_NAME = AppIcon;
				CLANG_ENABLE_MODULES = YES;
				CODE_SIGN_STYLE = Automatic;
				CURRENT_PROJECT_VERSION = 20240903;
				DEVELOPMENT_LANGUAGE = en;
				DEVELOPMENT_TEAM = X3UA5897T2;
				INFOPLIST_FILE = IpaDownloadTool/Resources/Info.plist;
				IPHONEOS_DEPLOYMENT_TARGET = 26.0;
				LD_RUNPATH_SEARCH_PATHS = (
					"$(inherited)",
					"@executable_path/Frameworks",
				);
				MARKETING_VERSION = 2.1.2;
				PRODUCT_BUNDLE_IDENTIFIER = cn.zxlee.IpaDownloadTool;
				PRODUCT_NAME = "$(TARGET_NAME)";
				SWIFT_VERSION = 5.0;
				TARGETED_DEVICE_FAMILY = "1,2";
			};
			name = Release;
		};
		741B92C52275943700F24EED /* Debug */ = {
			isa = XCBuildConfiguration;
			buildSettings = {
				BUNDLE_LOADER = "$(TEST_HOST)";
				CODE_SIGN_STYLE = Automatic;
				DEVELOPMENT_LANGUAGE = en;
				DEVELOPMENT_TEAM = 4Y2YPWFYNQ;
				GENERATE_INFOPLIST_FILE = YES;
				LD_RUNPATH_SEARCH_PATHS = (
					"$(inherited)",
					"@executable_path/Frameworks",
					"@loader_path/Frameworks",
				);
				PRODUCT_BUNDLE_IDENTIFIER = cn.zxlee.IpaDownloadToolTests;
				PRODUCT_NAME = "$(TARGET_NAME)";
				SWIFT_VERSION = 5.0;
				TARGETED_DEVICE_FAMILY = "1,2";
				TEST_HOST = "$(BUILT_PRODUCTS_DIR)/IpaDownloadTool.app/IpaDownloadTool";
			};
			name = Debug;
		};
		741B92C62275943700F24EED /* Release */ = {
			isa = XCBuildConfiguration;
			buildSettings = {
				BUNDLE_LOADER = "$(TEST_HOST)";
				CODE_SIGN_STYLE = Automatic;
				DEVELOPMENT_LANGUAGE = en;
				DEVELOPMENT_TEAM = 4Y2YPWFYNQ;
				GENERATE_INFOPLIST_FILE = YES;
				LD_RUNPATH_SEARCH_PATHS = (
					"$(inherited)",
					"@executable_path/Frameworks",
					"@loader_path/Frameworks",
				);
				PRODUCT_BUNDLE_IDENTIFIER = cn.zxlee.IpaDownloadToolTests;
				PRODUCT_NAME = "$(TARGET_NAME)";
				SWIFT_VERSION = 5.0;
				TARGETED_DEVICE_FAMILY = "1,2";
				TEST_HOST = "$(BUILT_PRODUCTS_DIR)/IpaDownloadTool.app/IpaDownloadTool";
			};
			name = Release;
		};
		741B92C82275943700F24EED /* Debug */ = {
			isa = XCBuildConfiguration;
			buildSettings = {
				CODE_SIGN_STYLE = Automatic;
				DEVELOPMENT_LANGUAGE = en;
				DEVELOPMENT_TEAM = 4Y2YPWFYNQ;
				GENERATE_INFOPLIST_FILE = YES;
				LD_RUNPATH_SEARCH_PATHS = (
					"$(inherited)",
					"@executable_path/Frameworks",
					"@loader_path/Frameworks",
				);
				PRODUCT_BUNDLE_IDENTIFIER = cn.zxlee.IpaDownloadToolUITests;
				PRODUCT_NAME = "$(TARGET_NAME)";
				SWIFT_VERSION = 5.0;
				TARGETED_DEVICE_FAMILY = "1,2";
				TEST_TARGET_NAME = IpaDownloadTool;
			};
			name = Debug;
		};
		741B92C92275943700F24EED /* Release */ = {
			isa = XCBuildConfiguration;
			buildSettings = {
				CODE_SIGN_STYLE = Automatic;
				DEVELOPMENT_LANGUAGE = en;
				DEVELOPMENT_TEAM = 4Y2YPWFYNQ;
				GENERATE_INFOPLIST_FILE = YES;
				LD_RUNPATH_SEARCH_PATHS = (
					"$(inherited)",
					"@executable_path/Frameworks",
					"@loader_path/Frameworks",
				);
				PRODUCT_BUNDLE_IDENTIFIER = cn.zxlee.IpaDownloadToolUITests;
				PRODUCT_NAME = "$(TARGET_NAME)";
				SWIFT_VERSION = 5.0;
				TARGETED_DEVICE_FAMILY = "1,2";
				TEST_TARGET_NAME = IpaDownloadTool;
			};
			name = Release;
		};
/* End XCBuildConfiguration section */

/* Begin XCConfigurationList section */
		741B92902275943100F24EED /* Build configuration list for PBXProject "IpaDownloadTool" */ = {
			isa = XCConfigurationList;
			buildConfigurations = (
				741B92BF2275943700F24EED /* Debug */,
				741B92C02275943700F24EED /* Release */,
			);
			defaultConfigurationIsVisible = 0;
			defaultConfigurationName = Release;
		};
		741B92C12275943700F24EED /* Build configuration list for PBXNativeTarget "IpaDownloadTool" */ = {
			isa = XCConfigurationList;
			buildConfigurations = (
				741B92C22275943700F24EED /* Debug */,
				741B92C32275943700F24EED /* Release */,
			);
			defaultConfigurationIsVisible = 0;
			defaultConfigurationName = Release;
		};
		741B92C42275943700F24EED /* Build configuration list for PBXNativeTarget "IpaDownloadToolTests" */ = {
			isa = XCConfigurationList;
			buildConfigurations = (
				741B92C52275943700F24EED /* Debug */,
				741B92C62275943700F24EED /* Release */,
			);
			defaultConfigurationIsVisible = 0;
			defaultConfigurationName = Release;
		};
		741B92C72275943700F24EED /* Build configuration list for PBXNativeTarget "IpaDownloadToolUITests" */ = {
			isa = XCConfigurationList;
			buildConfigurations = (
				741B92C82275943700F24EED /* Debug */,
				741B92C92275943700F24EED /* Release */,
			);
			defaultConfigurationIsVisible = 0;
			defaultConfigurationName = Release;
		};
/* End XCConfigurationList section */
	};
	rootObject = 741B928D2275943100F24EED /* Project object */;
}
